
Microsoft Visual Studio Solution File, Format Version 12.00
# Visual Studio Version 16
VisualStudioVersion = 16.0.31729.503
MinimumVisualStudioVersion = 10.0.40219.1
Project("{FAE04EC0-301F-11D3-BF4B-00C04F79EFBC}") = "MyFirstApp", "MyFirstApp.csproj", "{294DFB5F-9537-48DE-95B9-D192B337C083}"
EndProject
Global
	GlobalSection(SolutionConfigurationPlatforms) = preSolution
		Debug|Any CPU = Debug|Any CPU
		Release|Any CPU = Release|Any CPU
	EndGlobalSection
	GlobalSection(ProjectConfigurationPlatforms) = postSolution
		{294DFB5F-9537-48DE-95B9-D192B337C083}.Debug|Any CPU.ActiveCfg = Debug|Any CPU
		{294DFB5F-9537-48DE-95B9-D192B337C083}.Debug|Any CPU.Build.0 = Debug|Any CPU
		{294DFB5F-9537-48DE-95B9-D192B337C083}.Release|Any CPU.ActiveCfg = Release|Any CPU
		{294DFB5F-9537-48DE-95B9-D192B337C083}.Release|Any CPU.Build.0 = Release|Any CPU
	EndGlobalSection
	GlobalSection(SolutionProperties) = preSolution
		HideSolutionNode = FALSE
	EndGlobalSection
	GlobalSection(ExtensibilityGlobals) = postSolution
		SolutionGuid = {128025D8-D955-4670-B25F-FE6E96398910}
	EndGlobalSection
EndGlobal
